
Microsoft Visual Studio Solution File, Format Version 12.00
# Visual Studio Version 16
VisualStudioVersion = 16.0.30517.126
MinimumVisualStudioVersion = 10.0.40219.1
Project("{9A19103F-16F7-4668-BE54-9A1E7A4F7556}") = "TiendaServicios.Api.Autor", "TiendaServicios.Api.Autor\TiendaServicios.Api.Autor.csproj", "{3F44E747-CEED-4570-99A1-7853809B1963}"
EndProject
Project("{9A19103F-16F7-4668-BE54-9A1E7A4F7556}") = "TiendaServicios.Api.Libro", "TiendaServicios.Api.Libro\TiendaServicios.Api.Libro.csproj", "{0C5DBC24-B88B-4962-AC90-77EDE4FD48B6}"
EndProject
Project("{9A19103F-16F7-4668-BE54-9A1E7A4F7556}") = "TiendaServicios.Api.CarritoCompra", "TiendaServicios.Api.CarritoCompra\TiendaServicios.Api.CarritoCompra.csproj", "{7D865667-FE4A-4358-AFE2-9B769776EE9A}"
EndProject
Project("{FAE04EC0-301F-11D3-BF4B-00C04F79EFBC}") = "TiendaServicios.Api.Libro.Tests", "TiendaServicios.Api.Libro.Tests\TiendaServicios.Api.Libro.Tests.csproj", "{93A51480-3D99-4D7E-80C6-9AE3DF9B5A9A}"
EndProject
Project("{E53339B2-1760-4266-BCC7-CA923CBCF16C}") = "docker-compose", "docker-compose.dcproj", "{9477FA4B-E9FC-422A-A592-22104A193BAA}"
EndProject
Project("{FAE04EC0-301F-11D3-BF4B-00C04F79EFBC}") = "TiendaServicios.Api.Gateway", "TiendaServicios.Api.Gateway\TiendaServicios.Api.Gateway.csproj", "{4C19C4A5-9BE5-46B6-8FC4-D77C10F3AF8B}"
EndProject
Project("{FAE04EC0-301F-11D3-BF4B-00C04F79EFBC}") = "TiendaServicios.Mensajeria.Email", "TiendaServicios.Mensajeria.Email\TiendaServicios.Mensajeria.Email.csproj", "{B1A8512C-7FA7-4B29-86A9-18AB84870CA9}"
EndProject
Global
	GlobalSection(SolutionConfigurationPlatforms) = preSolution
		Debug|Any CPU = Debug|Any CPU
		Release|Any CPU = Release|Any CPU
	EndGlobalSection
	GlobalSection(ProjectConfigurationPlatforms) = postSolution
		{3F44E747-CEED-4570-99A1-7853809B1963}.Debug|Any CPU.ActiveCfg = Debug|Any CPU
		{3F44E747-CEED-4570-99A1-7853809B1963}.Debug|Any CPU.Build.0 = Debug|Any CPU
		{3F44E747-CEED-4570-99A1-7853809B1963}.Release|Any CPU.ActiveCfg = Release|Any CPU
		{3F44E747-CEED-4570-99A1-7853809B1963}.Release|Any CPU.Build.0 = Release|Any CPU
		{0C5DBC24-B88B-4962-AC90-77EDE4FD48B6}.Debug|Any CPU.ActiveCfg = Debug|Any CPU
		{0C5DBC24-B88B-4962-AC90-77EDE4FD48B6}.Debug|Any CPU.Build.0 = Debug|Any CPU
		{0C5DBC24-B88B-4962-AC90-77EDE4FD48B6}.Release|Any CPU.ActiveCfg = Release|Any CPU
		{0C5DBC24-B88B-4962-AC90-77EDE4FD48B6}.Release|Any CPU.Build.0 = Release|Any CPU
		{7D865667-FE4A-4358-AFE2-9B769776EE9A}.Debug|Any CPU.ActiveCfg = Debug|Any CPU
		{7D865667-FE4A-4358-AFE2-9B769776EE9A}.Debug|Any CPU.Build.0 = Debug|Any CPU
		{7D865667-FE4A-4358-AFE2-9B769776EE9A}.Release|Any CPU.ActiveCfg = Release|Any CPU
		{7D865667-FE4A-4358-AFE2-9B769776EE9A}.Release|Any CPU.Build.0 = Release|Any CPU
		{93A51480-3D99-4D7E-80C6-9AE3DF9B5A9A}.Debug|Any CPU.ActiveCfg = Debug|Any CPU
		{93A51480-3D99-4D7E-80C6-9AE3DF9B5A9A}.Debug|Any CPU.Build.0 = Debug|Any CPU
		{93A51480-3D99-4D7E-80C6-9AE3DF9B5A9A}.Release|Any CPU.ActiveCfg = Release|Any CPU
		{93A51480-3D99-4D7E-80C6-9AE3DF9B5A9A}.Release|Any CPU.Build.0 = Release|Any CPU
		{9477FA4B-E9FC-422A-A592-22104A193BAA}.Debug|Any CPU.ActiveCfg = Debug|Any CPU
		{9477FA4B-E9FC-422A-A592-22104A193BAA}.Debug|Any CPU.Build.0 = Debug|Any CPU
		{9477FA4B-E9FC-422A-A592-22104A193BAA}.Release|Any CPU.ActiveCfg = Release|Any CPU
		{9477FA4B-E9FC-422A-A592-22104A193BAA}.Release|Any CPU.Build.0 = Release|Any CPU
		{4C19C4A5-9BE5-46B6-8FC4-D77C10F3AF8B}.Debug|Any CPU.ActiveCfg = Debug|Any CPU
		{4C19C4A5-9BE5-46B6-8FC4-D77C10F3AF8B}.Debug|Any CPU.Build.0 = Debug|Any CPU
		{4C19C4A5-9BE5-46B6-8FC4-D77C10F3AF8B}.Release|Any CPU.ActiveCfg = Release|Any CPU
		{4C19C4A5-9BE5-46B6-8FC4-D77C10F3AF8B}.Release|Any CPU.Build.0 = Release|Any CPU
		{B1A8512C-7FA7-4B29-86A9-18AB84870CA9}.Debug|Any CPU.ActiveCfg = Debug|Any CPU
		{B1A8512C-7FA7-4B29-86A9-18AB84870CA9}.Debug|Any CPU.Build.0 = Debug|Any CPU
		{B1A8512C-7FA7-4B29-86A9-18AB84870CA9}.Release|Any CPU.ActiveCfg = Release|Any CPU
		{B1A8512C-7FA7-4B29-86A9-18AB84870CA9}.Release|Any CPU.Build.0 = Release|Any CPU
	EndGlobalSection
	GlobalSection(SolutionProperties) = preSolution
		HideSolutionNode = FALSE
	EndGlobalSection
	GlobalSection(ExtensibilityGlobals) = postSolution
		SolutionGuid = {B6066662-EC35-4C10-AE0B-8FAFD43BFCBE}
	EndGlobalSection
EndGlobal
